
Microsoft Visual Studio Solution File, Format Version 12.00
# Visual Studio Version 17
VisualStudioVersion = 17.14.36212.18 d17.14
MinimumVisualStudioVersion = 10.0.40219.1
Project("{FAE04EC0-301F-11D3-BF4B-00C04F79EFBC}") = "GameDev", "GameDev\GameDev.csproj", "{104939D0-AC8B-4A68-92E3-4FA569518769}"
EndProject
Global
	GlobalSection(SolutionConfigurationPlatforms) = preSolution
		Debug|Any CPU = Debug|Any CPU
		Release|Any CPU = Release|Any CPU
	EndGlobalSection
	GlobalSection(ProjectConfigurationPlatforms) = postSolution
		{104939D0-AC8B-4A68-92E3-4FA569518769}.Debug|Any CPU.ActiveCfg = Debug|Any CPU
		{104939D0-AC8B-4A68-92E3-4FA569518769}.Debug|Any CPU.Build.0 = Debug|Any CPU
		{104939D0-AC8B-4A68-92E3-4FA569518769}.Release|Any CPU.ActiveCfg = Release|Any CPU
		{104939D0-AC8B-4A68-92E3-4FA569518769}.Release|Any CPU.Build.0 = Release|Any CPU
	EndGlobalSection
	GlobalSection(SolutionProperties) = preSolution
		HideSolutionNode = FALSE
	EndGlobalSection
	GlobalSection(ExtensibilityGlobals) = postSolution
		SolutionGuid = {D8567283-0498-4ED5-8DA6-F7AC44262CA6}
	EndGlobalSection
EndGlobal
